
Microsoft Visual Studio Solution File, Format Version 12.00
# Visual Studio Version 17
VisualStudioVersion = 17.1.32414.318
MinimumVisualStudioVersion = 10.0.40219.1
Project("{9A19103F-16F7-4668-BE54-9A1E7A4F7556}") = "OptimumIT.Web", "src\OptimumIT.Web\OptimumIT.Web.csproj", "{4E955ABD-8324-46CF-B2FB-ABA5EF60B1B7}"
EndProject
Project("{9A19103F-16F7-4668-BE54-9A1E7A4F7556}") = "OptimumIT", "src\OptimumIT\OptimumIT.csproj", "{32505DAA-3881-47A1-A3FA-AF60B836A795}"
EndProject
Global
	GlobalSection(SolutionConfigurationPlatforms) = preSolution
		Debug|Any CPU = Debug|Any CPU
		Release|Any CPU = Release|Any CPU
	EndGlobalSection
	GlobalSection(ProjectConfigurationPlatforms) = postSolution
		{4E955ABD-8324-46CF-B2FB-ABA5EF60B1B7}.Debug|Any CPU.ActiveCfg = Debug|Any CPU
		{4E955ABD-8324-46CF-B2FB-ABA5EF60B1B7}.Debug|Any CPU.Build.0 = Debug|Any CPU
		{4E955ABD-8324-46CF-B2FB-ABA5EF60B1B7}.Release|Any CPU.ActiveCfg = Release|Any CPU
		{4E955ABD-8324-46CF-B2FB-ABA5EF60B1B7}.Release|Any CPU.Build.0 = Release|Any CPU
		{32505DAA-3881-47A1-A3FA-AF60B836A795}.Debug|Any CPU.ActiveCfg = Debug|Any CPU
		{32505DAA-3881-47A1-A3FA-AF60B836A795}.Debug|Any CPU.Build.0 = Debug|Any CPU
		{32505DAA-3881-47A1-A3FA-AF60B836A795}.Release|Any CPU.ActiveCfg = Release|Any CPU
		{32505DAA-3881-47A1-A3FA-AF60B836A795}.Release|Any CPU.Build.0 = Release|Any CPU
	EndGlobalSection
	GlobalSection(SolutionProperties) = preSolution
		HideSolutionNode = FALSE
	EndGlobalSection
	GlobalSection(ExtensibilityGlobals) = postSolution
		SolutionGuid = {FB1FF42A-F4AF-4397-BF6E-B01C95EE9DE7}
	EndGlobalSection
EndGlobal
